
Microsoft Visual Studio Solution File, Format Version 12.00
# Visual Studio Version 16
VisualStudioVersion = 16.0.30114.105
MinimumVisualStudioVersion = 10.0.40219.1
Project("{2150E333-8FDC-42A3-9474-1A3956D46DE8}") = "AccountService", "AccountService", "{214E7F82-85EA-4497-99BD-3E2B5848D47E}"
EndProject
Project("{FAE04EC0-301F-11D3-BF4B-00C04F79EFBC}") = "Account.Domain", "AccountService\Account.Domain\Account.Domain.csproj", "{FF701CA7-A0C4-4A6B-8AFF-CECA410DF861}"
EndProject
Project("{FAE04EC0-301F-11D3-BF4B-00C04F79EFBC}") = "Account.Tests", "AccountService\Account.Tests\Account.Tests.csproj", "{7C66AF1B-EE45-4D47-AE19-4E25E7C6EEBF}"
EndProject
Project("{FAE04EC0-301F-11D3-BF4B-00C04F79EFBC}") = "Account.Repository", "AccountService\Account.Repository\Account.Repository.csproj", "{4989C14D-6996-42DB-94B0-052A033A673F}"
EndProject
Project("{FAE04EC0-301F-11D3-BF4B-00C04F79EFBC}") = "Account.Api", "AccountService\Account.Api\Account.Api.csproj", "{0DB366D8-581F-448E-8663-872ADEDEF150}"
EndProject
Project("{FAE04EC0-301F-11D3-BF4B-00C04F79EFBC}") = "Account.Service", "AccountService\Account.Service\Account.Service.csproj", "{2984FAE6-5DB7-4AF2-AEA7-2276E0B647D7}"
EndProject
Project("{2150E333-8FDC-42A3-9474-1A3956D46DE8}") = "Common", "Common", "{FA0C12C9-045B-4D6F-BE68-AFE61E5418D6}"
EndProject
Project("{FAE04EC0-301F-11D3-BF4B-00C04F79EFBC}") = "Common.Domain", "Common\Common.Domain\Common.Domain.csproj", "{4479E8B4-ACB6-49D8-96AF-C17E15595394}"
EndProject
Project("{FAE04EC0-301F-11D3-BF4B-00C04F79EFBC}") = "Common.Repository", "Common\Common.Repository\Common.Repository.csproj", "{F8C771B2-427A-4CF9-B016-900B5AE634B8}"
EndProject
Project("{FAE04EC0-301F-11D3-BF4B-00C04F79EFBC}") = "Common.Exceptions", "Common\Common.Exceptions\Common.Exceptions.csproj", "{DE102D20-04E4-4078-A76F-6FEE780A13D3}"
EndProject
Project("{FAE04EC0-301F-11D3-BF4B-00C04F79EFBC}") = "Common.Extensions", "Common\Common.Extensions\Common.Extensions.csproj", "{864B09A5-76EE-4493-B381-A322AE7A3A42}"
EndProject
Project("{FAE04EC0-301F-11D3-BF4B-00C04F79EFBC}") = "Common.Validation", "Common\Common.Validation\Common.Validation.csproj", "{0E023298-C79C-4E24-9272-46002DE81188}"
EndProject
Project("{FAE04EC0-301F-11D3-BF4B-00C04F79EFBC}") = "Common.Api", "Common\Common.Api\Common.Api.csproj", "{C002D33B-EC48-4A12-A04E-9D11E7D47889}"
EndProject
Project("{FAE04EC0-301F-11D3-BF4B-00C04F79EFBC}") = "Common.Services", "Common\Common.Services\Common.Services.csproj", "{104D9FB2-ADDC-4797-95EE-608AF43FA418}"
EndProject
Project("{2150E333-8FDC-42A3-9474-1A3956D46DE8}") = "Outbox", "Outbox", "{49DE137D-59C9-4929-866E-767CA3CB2042}"
EndProject
Project("{FAE04EC0-301F-11D3-BF4B-00C04F79EFBC}") = "Gobi.Outboxes.Domain", "Common\Outbox\Gobi.Outboxes.Domain\Gobi.Outboxes.Domain.csproj", "{04B7FF51-BBB5-42F7-8FEB-866279AD6C0A}"
EndProject
Project("{FAE04EC0-301F-11D3-BF4B-00C04F79EFBC}") = "Gobi.Outboxes.Repositories", "Common\Outbox\Gobi.Outboxes.Repositories\Gobi.Outboxes.Repositories.csproj", "{CD63EB9C-B6C5-48B0-901A-6EB6308D73A5}"
EndProject
Project("{FAE04EC0-301F-11D3-BF4B-00C04F79EFBC}") = "Gobi.Outboxes.Ef", "Common\Outbox\Gobi.Outboxes.Ef\Gobi.Outboxes.Ef.csproj", "{1E4916CF-11C2-4724-97B6-D9EC3EE96CF2}"
EndProject
Project("{FAE04EC0-301F-11D3-BF4B-00C04F79EFBC}") = "Gobi.Outboxes.Services", "Common\Outbox\Gobi.Outboxes.Services\Gobi.Outboxes.Services.csproj", "{1BC3BFA6-5F8F-46A9-9197-7B7CBCD694DB}"
EndProject
Project("{2150E333-8FDC-42A3-9474-1A3956D46DE8}") = "UnitOfWork", "UnitOfWork", "{166B1CEC-8792-4C95-B6EA-6EE02BD9F38E}"
EndProject
Project("{FAE04EC0-301F-11D3-BF4B-00C04F79EFBC}") = "Gobi.UnitOfWorks.Abstractions", "Common\UnitOfWork\Gobi.UnitOfWorks.Abstractions\Gobi.UnitOfWorks.Abstractions.csproj", "{1021CB88-B3C3-4E81-84F8-DCA5C23D25F2}"
EndProject
Project("{FAE04EC0-301F-11D3-BF4B-00C04F79EFBC}") = "Gobi.UnitOfWorks.Ef", "Common\UnitOfWork\Gobi.UnitOfWorks.Ef\Gobi.UnitOfWorks.Ef.csproj", "{08F068F9-9086-430E-AF0A-EB08CFA40D9D}"
EndProject
Project("{FAE04EC0-301F-11D3-BF4B-00C04F79EFBC}") = "Account.Contracts", "AccountService\Account.Contracts\Account.Contracts.csproj", "{58907B7D-35E4-4D1A-A1E9-40342B3F730F}"
EndProject
Project("{2150E333-8FDC-42A3-9474-1A3956D46DE8}") = "MessageBus", "MessageBus", "{F2AFADC4-6073-40C9-87F2-711BA07C3019}"
EndProject
Project("{FAE04EC0-301F-11D3-BF4B-00C04F79EFBC}") = "Gobi.MessageBus.Services", "Common\MessageBus\Gobi.MessageBus.Services\Gobi.MessageBus.Services.csproj", "{2774A3C5-BC2A-48FD-A5DE-619D33B5F074}"
EndProject
Project("{FAE04EC0-301F-11D3-BF4B-00C04F79EFBC}") = "Gobi.MessageBus.Domain", "Common\MessageBus\Gobi.MessageBus.Domain\Gobi.MessageBus.Domain.csproj", "{9D5EDE68-5875-400A-8080-38AB4D80A1D2}"
EndProject
Project("{2150E333-8FDC-42A3-9474-1A3956D46DE8}") = "Encoding", "Encoding", "{50E14C58-EF89-44FD-9A94-7EBFD2621F82}"
EndProject
Project("{FAE04EC0-301F-11D3-BF4B-00C04F79EFBC}") = "Gobi.Encodings", "Common\Encoding\Gobi.Encodings\Gobi.Encodings.csproj", "{B626106B-A470-42E9-8868-C7222A9C4397}"
EndProject
Project("{FAE04EC0-301F-11D3-BF4B-00C04F79EFBC}") = "Gobi.MessageBus.Tests", "Common\MessageBus\Gobi.MessageBus.Tests\Gobi.MessageBus.Tests.csproj", "{0FA88354-3113-4922-98A2-87AC7397C588}"
EndProject
Project("{FAE04EC0-301F-11D3-BF4B-00C04F79EFBC}") = "Gobi.MessageBus.Json", "Common\MessageBus\Gobi.MessageBus.Json\Gobi.MessageBus.Json.csproj", "{AF210786-F2EA-480C-B55E-225CC38D407E}"
EndProject
Global
	GlobalSection(SolutionConfigurationPlatforms) = preSolution
		Debug|Any CPU = Debug|Any CPU
		Release|Any CPU = Release|Any CPU
	EndGlobalSection
	GlobalSection(SolutionProperties) = preSolution
		HideSolutionNode = FALSE
	EndGlobalSection
	GlobalSection(ProjectConfigurationPlatforms) = postSolution
		{FF701CA7-A0C4-4A6B-8AFF-CECA410DF861}.Debug|Any CPU.ActiveCfg = Debug|Any CPU
		{FF701CA7-A0C4-4A6B-8AFF-CECA410DF861}.Debug|Any CPU.Build.0 = Debug|Any CPU
		{FF701CA7-A0C4-4A6B-8AFF-CECA410DF861}.Release|Any CPU.ActiveCfg = Release|Any CPU
		{FF701CA7-A0C4-4A6B-8AFF-CECA410DF861}.Release|Any CPU.Build.0 = Release|Any CPU
		{7C66AF1B-EE45-4D47-AE19-4E25E7C6EEBF}.Debug|Any CPU.ActiveCfg = Debug|Any CPU
		{7C66AF1B-EE45-4D47-AE19-4E25E7C6EEBF}.Debug|Any CPU.Build.0 = Debug|Any CPU
		{7C66AF1B-EE45-4D47-AE19-4E25E7C6EEBF}.Release|Any CPU.ActiveCfg = Release|Any CPU
		{7C66AF1B-EE45-4D47-AE19-4E25E7C6EEBF}.Release|Any CPU.Build.0 = Release|Any CPU
		{4989C14D-6996-42DB-94B0-052A033A673F}.Debug|Any CPU.ActiveCfg = Debug|Any CPU
		{4989C14D-6996-42DB-94B0-052A033A673F}.Debug|Any CPU.Build.0 = Debug|Any CPU
		{4989C14D-6996-42DB-94B0-052A033A673F}.Release|Any CPU.ActiveCfg = Release|Any CPU
		{4989C14D-6996-42DB-94B0-052A033A673F}.Release|Any CPU.Build.0 = Release|Any CPU
		{0DB366D8-581F-448E-8663-872ADEDEF150}.Debug|Any CPU.ActiveCfg = Debug|Any CPU
		{0DB366D8-581F-448E-8663-872ADEDEF150}.Debug|Any CPU.Build.0 = Debug|Any CPU
		{0DB366D8-581F-448E-8663-872ADEDEF150}.Release|Any CPU.ActiveCfg = Release|Any CPU
		{0DB366D8-581F-448E-8663-872ADEDEF150}.Release|Any CPU.Build.0 = Release|Any CPU
		{2984FAE6-5DB7-4AF2-AEA7-2276E0B647D7}.Debug|Any CPU.ActiveCfg = Debug|Any CPU
		{2984FAE6-5DB7-4AF2-AEA7-2276E0B647D7}.Debug|Any CPU.Build.0 = Debug|Any CPU
		{2984FAE6-5DB7-4AF2-AEA7-2276E0B647D7}.Release|Any CPU.ActiveCfg = Release|Any CPU
		{2984FAE6-5DB7-4AF2-AEA7-2276E0B647D7}.Release|Any CPU.Build.0 = Release|Any CPU
		{4479E8B4-ACB6-49D8-96AF-C17E15595394}.Debug|Any CPU.ActiveCfg = Debug|Any CPU
		{4479E8B4-ACB6-49D8-96AF-C17E15595394}.Debug|Any CPU.Build.0 = Debug|Any CPU
		{4479E8B4-ACB6-49D8-96AF-C17E15595394}.Release|Any CPU.ActiveCfg = Release|Any CPU
		{4479E8B4-ACB6-49D8-96AF-C17E15595394}.Release|Any CPU.Build.0 = Release|Any CPU
		{F8C771B2-427A-4CF9-B016-900B5AE634B8}.Debug|Any CPU.ActiveCfg = Debug|Any CPU
		{F8C771B2-427A-4CF9-B016-900B5AE634B8}.Debug|Any CPU.Build.0 = Debug|Any CPU
		{F8C771B2-427A-4CF9-B016-900B5AE634B8}.Release|Any CPU.ActiveCfg = Release|Any CPU
		{F8C771B2-427A-4CF9-B016-900B5AE634B8}.Release|Any CPU.Build.0 = Release|Any CPU
		{DE102D20-04E4-4078-A76F-6FEE780A13D3}.Debug|Any CPU.ActiveCfg = Debug|Any CPU
		{DE102D20-04E4-4078-A76F-6FEE780A13D3}.Debug|Any CPU.Build.0 = Debug|Any CPU
		{DE102D20-04E4-4078-A76F-6FEE780A13D3}.Release|Any CPU.ActiveCfg = Release|Any CPU
		{DE102D20-04E4-4078-A76F-6FEE780A13D3}.Release|Any CPU.Build.0 = Release|Any CPU
		{864B09A5-76EE-4493-B381-A322AE7A3A42}.Debug|Any CPU.ActiveCfg = Debug|Any CPU
		{864B09A5-76EE-4493-B381-A322AE7A3A42}.Debug|Any CPU.Build.0 = Debug|Any CPU
		{864B09A5-76EE-4493-B381-A322AE7A3A42}.Release|Any CPU.ActiveCfg = Release|Any CPU
		{864B09A5-76EE-4493-B381-A322AE7A3A42}.Release|Any CPU.Build.0 = Release|Any CPU
		{0E023298-C79C-4E24-9272-46002DE81188}.Debug|Any CPU.ActiveCfg = Debug|Any CPU
		{0E023298-C79C-4E24-9272-46002DE81188}.Debug|Any CPU.Build.0 = Debug|Any CPU
		{0E023298-C79C-4E24-9272-46002DE81188}.Release|Any CPU.ActiveCfg = Release|Any CPU
		{0E023298-C79C-4E24-9272-46002DE81188}.Release|Any CPU.Build.0 = Release|Any CPU
		{C002D33B-EC48-4A12-A04E-9D11E7D47889}.Debug|Any CPU.ActiveCfg = Debug|Any CPU
		{C002D33B-EC48-4A12-A04E-9D11E7D47889}.Debug|Any CPU.Build.0 = Debug|Any CPU
		{C002D33B-EC48-4A12-A04E-9D11E7D47889}.Release|Any CPU.ActiveCfg = Release|Any CPU
		{C002D33B-EC48-4A12-A04E-9D11E7D47889}.Release|Any CPU.Build.0 = Release|Any CPU
		{104D9FB2-ADDC-4797-95EE-608AF43FA418}.Debug|Any CPU.ActiveCfg = Debug|Any CPU
		{104D9FB2-ADDC-4797-95EE-608AF43FA418}.Debug|Any CPU.Build.0 = Debug|Any CPU
		{104D9FB2-ADDC-4797-95EE-608AF43FA418}.Release|Any CPU.ActiveCfg = Release|Any CPU
		{104D9FB2-ADDC-4797-95EE-608AF43FA418}.Release|Any CPU.Build.0 = Release|Any CPU
		{04B7FF51-BBB5-42F7-8FEB-866279AD6C0A}.Debug|Any CPU.ActiveCfg = Debug|Any CPU
		{04B7FF51-BBB5-42F7-8FEB-866279AD6C0A}.Debug|Any CPU.Build.0 = Debug|Any CPU
		{04B7FF51-BBB5-42F7-8FEB-866279AD6C0A}.Release|Any CPU.ActiveCfg = Release|Any CPU
		{04B7FF51-BBB5-42F7-8FEB-866279AD6C0A}.Release|Any CPU.Build.0 = Release|Any CPU
		{CD63EB9C-B6C5-48B0-901A-6EB6308D73A5}.Debug|Any CPU.ActiveCfg = Debug|Any CPU
		{CD63EB9C-B6C5-48B0-901A-6EB6308D73A5}.Debug|Any CPU.Build.0 = Debug|Any CPU
		{CD63EB9C-B6C5-48B0-901A-6EB6308D73A5}.Release|Any CPU.ActiveCfg = Release|Any CPU
		{CD63EB9C-B6C5-48B0-901A-6EB6308D73A5}.Release|Any CPU.Build.0 = Release|Any CPU
		{1E4916CF-11C2-4724-97B6-D9EC3EE96CF2}.Debug|Any CPU.ActiveCfg = Debug|Any CPU
		{1E4916CF-11C2-4724-97B6-D9EC3EE96CF2}.Debug|Any CPU.Build.0 = Debug|Any CPU
		{1E4916CF-11C2-4724-97B6-D9EC3EE96CF2}.Release|Any CPU.ActiveCfg = Release|Any CPU
		{1E4916CF-11C2-4724-97B6-D9EC3EE96CF2}.Release|Any CPU.Build.0 = Release|Any CPU
		{1BC3BFA6-5F8F-46A9-9197-7B7CBCD694DB}.Debug|Any CPU.ActiveCfg = Debug|Any CPU
		{1BC3BFA6-5F8F-46A9-9197-7B7CBCD694DB}.Debug|Any CPU.Build.0 = Debug|Any CPU
		{1BC3BFA6-5F8F-46A9-9197-7B7CBCD694DB}.Release|Any CPU.ActiveCfg = Release|Any CPU
		{1BC3BFA6-5F8F-46A9-9197-7B7CBCD694DB}.Release|Any CPU.Build.0 = Release|Any CPU
		{1021CB88-B3C3-4E81-84F8-DCA5C23D25F2}.Debug|Any CPU.ActiveCfg = Debug|Any CPU
		{1021CB88-B3C3-4E81-84F8-DCA5C23D25F2}.Debug|Any CPU.Build.0 = Debug|Any CPU
		{1021CB88-B3C3-4E81-84F8-DCA5C23D25F2}.Release|Any CPU.ActiveCfg = Release|Any CPU
		{1021CB88-B3C3-4E81-84F8-DCA5C23D25F2}.Release|Any CPU.Build.0 = Release|Any CPU
		{08F068F9-9086-430E-AF0A-EB08CFA40D9D}.Debug|Any CPU.ActiveCfg = Debug|Any CPU
		{08F068F9-9086-430E-AF0A-EB08CFA40D9D}.Debug|Any CPU.Build.0 = Debug|Any CPU
		{08F068F9-9086-430E-AF0A-EB08CFA40D9D}.Release|Any CPU.ActiveCfg = Release|Any CPU
		{08F068F9-9086-430E-AF0A-EB08CFA40D9D}.Release|Any CPU.Build.0 = Release|Any CPU
		{58907B7D-35E4-4D1A-A1E9-40342B3F730F}.Debug|Any CPU.ActiveCfg = Debug|Any CPU
		{58907B7D-35E4-4D1A-A1E9-40342B3F730F}.Debug|Any CPU.Build.0 = Debug|Any CPU
		{58907B7D-35E4-4D1A-A1E9-40342B3F730F}.Release|Any CPU.ActiveCfg = Release|Any CPU
		{58907B7D-35E4-4D1A-A1E9-40342B3F730F}.Release|Any CPU.Build.0 = Release|Any CPU
		{2774A3C5-BC2A-48FD-A5DE-619D33B5F074}.Debug|Any CPU.ActiveCfg = Debug|Any CPU
		{2774A3C5-BC2A-48FD-A5DE-619D33B5F074}.Debug|Any CPU.Build.0 = Debug|Any CPU
		{2774A3C5-BC2A-48FD-A5DE-619D33B5F074}.Release|Any CPU.ActiveCfg = Release|Any CPU
		{2774A3C5-BC2A-48FD-A5DE-619D33B5F074}.Release|Any CPU.Build.0 = Release|Any CPU
		{9D5EDE68-5875-400A-8080-38AB4D80A1D2}.Debug|Any CPU.ActiveCfg = Debug|Any CPU
		{9D5EDE68-5875-400A-8080-38AB4D80A1D2}.Debug|Any CPU.Build.0 = Debug|Any CPU
		{9D5EDE68-5875-400A-8080-38AB4D80A1D2}.Release|Any CPU.ActiveCfg = Release|Any CPU
		{9D5EDE68-5875-400A-8080-38AB4D80A1D2}.Release|Any CPU.Build.0 = Release|Any CPU
		{B626106B-A470-42E9-8868-C7222A9C4397}.Debug|Any CPU.ActiveCfg = Debug|Any CPU
		{B626106B-A470-42E9-8868-C7222A9C4397}.Debug|Any CPU.Build.0 = Debug|Any CPU
		{B626106B-A470-42E9-8868-C7222A9C4397}.Release|Any CPU.ActiveCfg = Release|Any CPU
		{B626106B-A470-42E9-8868-C7222A9C4397}.Release|Any CPU.Build.0 = Release|Any CPU
		{0FA88354-3113-4922-98A2-87AC7397C588}.Debug|Any CPU.ActiveCfg = Debug|Any CPU
		{0FA88354-3113-4922-98A2-87AC7397C588}.Debug|Any CPU.Build.0 = Debug|Any CPU
		{0FA88354-3113-4922-98A2-87AC7397C588}.Release|Any CPU.ActiveCfg = Release|Any CPU
		{0FA88354-3113-4922-98A2-87AC7397C588}.Release|Any CPU.Build.0 = Release|Any CPU
		{AF210786-F2EA-480C-B55E-225CC38D407E}.Debug|Any CPU.ActiveCfg = Debug|Any CPU
		{AF210786-F2EA-480C-B55E-225CC38D407E}.Debug|Any CPU.Build.0 = Debug|Any CPU
		{AF210786-F2EA-480C-B55E-225CC38D407E}.Release|Any CPU.ActiveCfg = Release|Any CPU
		{AF210786-F2EA-480C-B55E-225CC38D407E}.Release|Any CPU.Build.0 = Release|Any CPU
	EndGlobalSection
	GlobalSection(NestedProjects) = preSolution
		{FF701CA7-A0C4-4A6B-8AFF-CECA410DF861} = {214E7F82-85EA-4497-99BD-3E2B5848D47E}
		{7C66AF1B-EE45-4D47-AE19-4E25E7C6EEBF} = {214E7F82-85EA-4497-99BD-3E2B5848D47E}
		{4989C14D-6996-42DB-94B0-052A033A673F} = {214E7F82-85EA-4497-99BD-3E2B5848D47E}
		{0DB366D8-581F-448E-8663-872ADEDEF150} = {214E7F82-85EA-4497-99BD-3E2B5848D47E}
		{2984FAE6-5DB7-4AF2-AEA7-2276E0B647D7} = {214E7F82-85EA-4497-99BD-3E2B5848D47E}
		{4479E8B4-ACB6-49D8-96AF-C17E15595394} = {FA0C12C9-045B-4D6F-BE68-AFE61E5418D6}
		{F8C771B2-427A-4CF9-B016-900B5AE634B8} = {FA0C12C9-045B-4D6F-BE68-AFE61E5418D6}
		{DE102D20-04E4-4078-A76F-6FEE780A13D3} = {FA0C12C9-045B-4D6F-BE68-AFE61E5418D6}
		{864B09A5-76EE-4493-B381-A322AE7A3A42} = {FA0C12C9-045B-4D6F-BE68-AFE61E5418D6}
		{0E023298-C79C-4E24-9272-46002DE81188} = {FA0C12C9-045B-4D6F-BE68-AFE61E5418D6}
		{C002D33B-EC48-4A12-A04E-9D11E7D47889} = {FA0C12C9-045B-4D6F-BE68-AFE61E5418D6}
		{104D9FB2-ADDC-4797-95EE-608AF43FA418} = {FA0C12C9-045B-4D6F-BE68-AFE61E5418D6}
		{49DE137D-59C9-4929-866E-767CA3CB2042} = {FA0C12C9-045B-4D6F-BE68-AFE61E5418D6}
		{04B7FF51-BBB5-42F7-8FEB-866279AD6C0A} = {49DE137D-59C9-4929-866E-767CA3CB2042}
		{CD63EB9C-B6C5-48B0-901A-6EB6308D73A5} = {49DE137D-59C9-4929-866E-767CA3CB2042}
		{1E4916CF-11C2-4724-97B6-D9EC3EE96CF2} = {49DE137D-59C9-4929-866E-767CA3CB2042}
		{1BC3BFA6-5F8F-46A9-9197-7B7CBCD694DB} = {49DE137D-59C9-4929-866E-767CA3CB2042}
		{166B1CEC-8792-4C95-B6EA-6EE02BD9F38E} = {FA0C12C9-045B-4D6F-BE68-AFE61E5418D6}
		{1021CB88-B3C3-4E81-84F8-DCA5C23D25F2} = {166B1CEC-8792-4C95-B6EA-6EE02BD9F38E}
		{08F068F9-9086-430E-AF0A-EB08CFA40D9D} = {166B1CEC-8792-4C95-B6EA-6EE02BD9F38E}
		{58907B7D-35E4-4D1A-A1E9-40342B3F730F} = {214E7F82-85EA-4497-99BD-3E2B5848D47E}
		{F2AFADC4-6073-40C9-87F2-711BA07C3019} = {FA0C12C9-045B-4D6F-BE68-AFE61E5418D6}
		{2774A3C5-BC2A-48FD-A5DE-619D33B5F074} = {F2AFADC4-6073-40C9-87F2-711BA07C3019}
		{9D5EDE68-5875-400A-8080-38AB4D80A1D2} = {F2AFADC4-6073-40C9-87F2-711BA07C3019}
		{50E14C58-EF89-44FD-9A94-7EBFD2621F82} = {FA0C12C9-045B-4D6F-BE68-AFE61E5418D6}
		{B626106B-A470-42E9-8868-C7222A9C4397} = {50E14C58-EF89-44FD-9A94-7EBFD2621F82}
		{0FA88354-3113-4922-98A2-87AC7397C588} = {F2AFADC4-6073-40C9-87F2-711BA07C3019}
		{AF210786-F2EA-480C-B55E-225CC38D407E} = {F2AFADC4-6073-40C9-87F2-711BA07C3019}
	EndGlobalSection
EndGlobal
