
Microsoft Visual Studio Solution File, Format Version 12.00
# Visual Studio Version 16
VisualStudioVersion = 16.0.30114.105
MinimumVisualStudioVersion = 10.0.40219.1
Project("{2150E333-8FDC-42A3-9474-1A3956D46DE8}") = "AccountService", "AccountService", "{214E7F82-85EA-4497-99BD-3E2B5848D47E}"
EndProject
Project("{FAE04EC0-301F-11D3-BF4B-00C04F79EFBC}") = "Account.Domain", "AccountService\Account.Domain\Account.Domain.csproj", "{FF701CA7-A0C4-4A6B-8AFF-CECA410DF861}"
EndProject
Project("{FAE04EC0-301F-11D3-BF4B-00C04F79EFBC}") = "Account.Tests", "AccountService\Account.Tests\Account.Tests.csproj", "{7C66AF1B-EE45-4D47-AE19-4E25E7C6EEBF}"
EndProject
Project("{FAE04EC0-301F-11D3-BF4B-00C04F79EFBC}") = "Account.Repository", "AccountService\Account.Repository\Account.Repository.csproj", "{4989C14D-6996-42DB-94B0-052A033A673F}"
EndProject
Project("{FAE04EC0-301F-11D3-BF4B-00C04F79EFBC}") = "Account.Api", "AccountService\Account.Api\Account.Api.csproj", "{0DB366D8-581F-448E-8663-872ADEDEF150}"
EndProject
Project("{FAE04EC0-301F-11D3-BF4B-00C04F79EFBC}") = "Account.Service", "AccountService\Account.Service\Account.Service.csproj", "{2984FAE6-5DB7-4AF2-AEA7-2276E0B647D7}"
EndProject
Project("{2150E333-8FDC-42A3-9474-1A3956D46DE8}") = "Common", "Common", "{FA0C12C9-045B-4D6F-BE68-AFE61E5418D6}"
EndProject
Project("{FAE04EC0-301F-11D3-BF4B-00C04F79EFBC}") = "Common.Domain", "Common\Common.Domain\Common.Domain.csproj", "{4479E8B4-ACB6-49D8-96AF-C17E15595394}"
EndProject
Project("{FAE04EC0-301F-11D3-BF4B-00C04F79EFBC}") = "Common.Repository", "Common\Common.Repository\Common.Repository.csproj", "{F8C771B2-427A-4CF9-B016-900B5AE634B8}"
EndProject
Project("{FAE04EC0-301F-11D3-BF4B-00C04F79EFBC}") = "Common.Exceptions", "Common\Common.Exceptions\Common.Exceptions.csproj", "{DE102D20-04E4-4078-A76F-6FEE780A13D3}"
EndProject
Project("{FAE04EC0-301F-11D3-BF4B-00C04F79EFBC}") = "Common.Extensions", "Common\Common.Extensions\Common.Extensions.csproj", "{864B09A5-76EE-4493-B381-A322AE7A3A42}"
EndProject
Project("{FAE04EC0-301F-11D3-BF4B-00C04F79EFBC}") = "Common.Validation", "Common\Common.Validation\Common.Validation.csproj", "{0E023298-C79C-4E24-9272-46002DE81188}"
EndProject
Global
	GlobalSection(SolutionConfigurationPlatforms) = preSolution
		Debug|Any CPU = Debug|Any CPU
		Release|Any CPU = Release|Any CPU
	EndGlobalSection
	GlobalSection(SolutionProperties) = preSolution
		HideSolutionNode = FALSE
	EndGlobalSection
	GlobalSection(ProjectConfigurationPlatforms) = postSolution
		{FF701CA7-A0C4-4A6B-8AFF-CECA410DF861}.Debug|Any CPU.ActiveCfg = Debug|Any CPU
		{FF701CA7-A0C4-4A6B-8AFF-CECA410DF861}.Debug|Any CPU.Build.0 = Debug|Any CPU
		{FF701CA7-A0C4-4A6B-8AFF-CECA410DF861}.Release|Any CPU.ActiveCfg = Release|Any CPU
		{FF701CA7-A0C4-4A6B-8AFF-CECA410DF861}.Release|Any CPU.Build.0 = Release|Any CPU
		{7C66AF1B-EE45-4D47-AE19-4E25E7C6EEBF}.Debug|Any CPU.ActiveCfg = Debug|Any CPU
		{7C66AF1B-EE45-4D47-AE19-4E25E7C6EEBF}.Debug|Any CPU.Build.0 = Debug|Any CPU
		{7C66AF1B-EE45-4D47-AE19-4E25E7C6EEBF}.Release|Any CPU.ActiveCfg = Release|Any CPU
		{7C66AF1B-EE45-4D47-AE19-4E25E7C6EEBF}.Release|Any CPU.Build.0 = Release|Any CPU
		{4989C14D-6996-42DB-94B0-052A033A673F}.Debug|Any CPU.ActiveCfg = Debug|Any CPU
		{4989C14D-6996-42DB-94B0-052A033A673F}.Debug|Any CPU.Build.0 = Debug|Any CPU
		{4989C14D-6996-42DB-94B0-052A033A673F}.Release|Any CPU.ActiveCfg = Release|Any CPU
		{4989C14D-6996-42DB-94B0-052A033A673F}.Release|Any CPU.Build.0 = Release|Any CPU
		{0DB366D8-581F-448E-8663-872ADEDEF150}.Debug|Any CPU.ActiveCfg = Debug|Any CPU
		{0DB366D8-581F-448E-8663-872ADEDEF150}.Debug|Any CPU.Build.0 = Debug|Any CPU
		{0DB366D8-581F-448E-8663-872ADEDEF150}.Release|Any CPU.ActiveCfg = Release|Any CPU
		{0DB366D8-581F-448E-8663-872ADEDEF150}.Release|Any CPU.Build.0 = Release|Any CPU
		{2984FAE6-5DB7-4AF2-AEA7-2276E0B647D7}.Debug|Any CPU.ActiveCfg = Debug|Any CPU
		{2984FAE6-5DB7-4AF2-AEA7-2276E0B647D7}.Debug|Any CPU.Build.0 = Debug|Any CPU
		{2984FAE6-5DB7-4AF2-AEA7-2276E0B647D7}.Release|Any CPU.ActiveCfg = Release|Any CPU
		{2984FAE6-5DB7-4AF2-AEA7-2276E0B647D7}.Release|Any CPU.Build.0 = Release|Any CPU
		{4479E8B4-ACB6-49D8-96AF-C17E15595394}.Debug|Any CPU.ActiveCfg = Debug|Any CPU
		{4479E8B4-ACB6-49D8-96AF-C17E15595394}.Debug|Any CPU.Build.0 = Debug|Any CPU
		{4479E8B4-ACB6-49D8-96AF-C17E15595394}.Release|Any CPU.ActiveCfg = Release|Any CPU
		{4479E8B4-ACB6-49D8-96AF-C17E15595394}.Release|Any CPU.Build.0 = Release|Any CPU
		{F8C771B2-427A-4CF9-B016-900B5AE634B8}.Debug|Any CPU.ActiveCfg = Debug|Any CPU
		{F8C771B2-427A-4CF9-B016-900B5AE634B8}.Debug|Any CPU.Build.0 = Debug|Any CPU
		{F8C771B2-427A-4CF9-B016-900B5AE634B8}.Release|Any CPU.ActiveCfg = Release|Any CPU
		{F8C771B2-427A-4CF9-B016-900B5AE634B8}.Release|Any CPU.Build.0 = Release|Any CPU
		{DE102D20-04E4-4078-A76F-6FEE780A13D3}.Debug|Any CPU.ActiveCfg = Debug|Any CPU
		{DE102D20-04E4-4078-A76F-6FEE780A13D3}.Debug|Any CPU.Build.0 = Debug|Any CPU
		{DE102D20-04E4-4078-A76F-6FEE780A13D3}.Release|Any CPU.ActiveCfg = Release|Any CPU
		{DE102D20-04E4-4078-A76F-6FEE780A13D3}.Release|Any CPU.Build.0 = Release|Any CPU
		{864B09A5-76EE-4493-B381-A322AE7A3A42}.Debug|Any CPU.ActiveCfg = Debug|Any CPU
		{864B09A5-76EE-4493-B381-A322AE7A3A42}.Debug|Any CPU.Build.0 = Debug|Any CPU
		{864B09A5-76EE-4493-B381-A322AE7A3A42}.Release|Any CPU.ActiveCfg = Release|Any CPU
		{864B09A5-76EE-4493-B381-A322AE7A3A42}.Release|Any CPU.Build.0 = Release|Any CPU
		{0E023298-C79C-4E24-9272-46002DE81188}.Debug|Any CPU.ActiveCfg = Debug|Any CPU
		{0E023298-C79C-4E24-9272-46002DE81188}.Debug|Any CPU.Build.0 = Debug|Any CPU
		{0E023298-C79C-4E24-9272-46002DE81188}.Release|Any CPU.ActiveCfg = Release|Any CPU
		{0E023298-C79C-4E24-9272-46002DE81188}.Release|Any CPU.Build.0 = Release|Any CPU
	EndGlobalSection
	GlobalSection(NestedProjects) = preSolution
		{FF701CA7-A0C4-4A6B-8AFF-CECA410DF861} = {214E7F82-85EA-4497-99BD-3E2B5848D47E}
		{7C66AF1B-EE45-4D47-AE19-4E25E7C6EEBF} = {214E7F82-85EA-4497-99BD-3E2B5848D47E}
		{4989C14D-6996-42DB-94B0-052A033A673F} = {214E7F82-85EA-4497-99BD-3E2B5848D47E}
		{0DB366D8-581F-448E-8663-872ADEDEF150} = {214E7F82-85EA-4497-99BD-3E2B5848D47E}
		{2984FAE6-5DB7-4AF2-AEA7-2276E0B647D7} = {214E7F82-85EA-4497-99BD-3E2B5848D47E}
		{4479E8B4-ACB6-49D8-96AF-C17E15595394} = {FA0C12C9-045B-4D6F-BE68-AFE61E5418D6}
		{F8C771B2-427A-4CF9-B016-900B5AE634B8} = {FA0C12C9-045B-4D6F-BE68-AFE61E5418D6}
		{DE102D20-04E4-4078-A76F-6FEE780A13D3} = {FA0C12C9-045B-4D6F-BE68-AFE61E5418D6}
		{864B09A5-76EE-4493-B381-A322AE7A3A42} = {FA0C12C9-045B-4D6F-BE68-AFE61E5418D6}
		{0E023298-C79C-4E24-9272-46002DE81188} = {FA0C12C9-045B-4D6F-BE68-AFE61E5418D6}
	EndGlobalSection
EndGlobal
